
Microsoft Visual Studio Solution File, Format Version 12.00
# Visual Studio Version 16
VisualStudioVersion = 16.0.29920.165
MinimumVisualStudioVersion = 10.0.40219.1
Project("{FAE04EC0-301F-11D3-BF4B-00C04F79EFBC}") = "IEnumerableExtensions", "IEnumerableExtensions\IEnumerableExtensions.csproj", "{F78E8123-88E9-4D51-A11B-B33E1BF7F0CB}"
EndProject
Global
	GlobalSection(SolutionConfigurationPlatforms) = preSolution
		Debug|Any CPU = Debug|Any CPU
		Release|Any CPU = Release|Any CPU
	EndGlobalSection
	GlobalSection(ProjectConfigurationPlatforms) = postSolution
		{F78E8123-88E9-4D51-A11B-B33E1BF7F0CB}.Debug|Any CPU.ActiveCfg = Debug|Any CPU
		{F78E8123-88E9-4D51-A11B-B33E1BF7F0CB}.Debug|Any CPU.Build.0 = Debug|Any CPU
		{F78E8123-88E9-4D51-A11B-B33E1BF7F0CB}.Release|Any CPU.ActiveCfg = Release|Any CPU
		{F78E8123-88E9-4D51-A11B-B33E1BF7F0CB}.Release|Any CPU.Build.0 = Release|Any CPU
	EndGlobalSection
	GlobalSection(SolutionProperties) = preSolution
		HideSolutionNode = FALSE
	EndGlobalSection
	GlobalSection(ExtensibilityGlobals) = postSolution
		SolutionGuid = {68275CDC-48BC-4B1F-AE98-511052B1D458}
	EndGlobalSection
EndGlobal
